// !$*UTF8*$!
{
	archiveVersion = 1;
	classes = {
	};
	objectVersion = 77;
	objects = {

/* Begin PBXBuildFile section */
		0459AC9E5DF45AC624FB5690 /* InventoryListView.swift in Sources */ = {isa = PBXBuildFile; fileRef = 387D71157869A90A6D91E10A /* InventoryListView.swift */; };
		0D64828AD5A1AE3F014BAC09 /* CSVImporter.swift in Sources */ = {isa = PBXBuildFile; fileRef = 7B52AC71A5A530A71C4602EA /* CSVImporter.swift */; };
		0E8D315BA35CBC11F3E5DA93 /* ClothingItem.swift in Sources */ = {isa = PBXBuildFile; fileRef = 0811D0C1958049421ECE00E2 /* ClothingItem.swift */; };
		30ED1E83CB8FFD15D643ECC5 /* StorageLocation.swift in Sources */ = {isa = PBXBuildFile; fileRef = D5914D29AB7E4450CA87E1BD /* StorageLocation.swift */; };
		362B614ED6F6A121D37EE0B8 /* SettingsView.swift in Sources */ = {isa = PBXBuildFile; fileRef = 3F622A8A66123E156A9CDB6D /* SettingsView.swift */; };
		4936AC82E97CA831FAD0F851 /* ClothingSize.swift in Sources */ = {isa = PBXBuildFile; fileRef = 4ACDC6DF2614AA18E91E66F9 /* ClothingSize.swift */; };
		53B46365F7C746A2AC741825 /* ItemPhoto.swift in Sources */ = {isa = PBXBuildFile; fileRef = 732D87BD77109D9264D3F4FE /* ItemPhoto.swift */; };
		67035BA6974EEAD7FC8FEED3 /* SplashScreenView.swift in Sources */ = {isa = PBXBuildFile; fileRef = C715AB10D011C1EBA3FD1493 /* SplashScreenView.swift */; };
		795353382920082588F645A5 /* AgeGroup.swift in Sources */ = {isa = PBXBuildFile; fileRef = 14E8DD0D251BA325B1D4A66B /* AgeGroup.swift */; };
		797944D067615ECC16A47BD1 /* Gender.swift in Sources */ = {isa = PBXBuildFile; fileRef = 99215F2BAD54979EE5B5A26B /* Gender.swift */; };
		83250B6E3C8D7C242FBC4501 /* PeopleView.swift in Sources */ = {isa = PBXBuildFile; fileRef = D58A875DCB97051DD73ACACE /* PeopleView.swift */; };
		8B922D5E97F8C7AFC48C121F /* LocationsView.swift in Sources */ = {isa = PBXBuildFile; fileRef = C436EEA636543E786E3CD37E /* LocationsView.swift */; };
		9F8A938BE6C074773FF01617 /* ItemDetailView.swift in Sources */ = {isa = PBXBuildFile; fileRef = 088B4ED983F1AE33CFE6724B /* ItemDetailView.swift */; };
		AA198FE041E33BBA70EA60C7 /* Person.swift in Sources */ = {isa = PBXBuildFile; fileRef = 1052654F17CBC3920616C39F /* Person.swift */; };
		AD6944DF18C93A4D0613DC9F /* ItemCondition.swift in Sources */ = {isa = PBXBuildFile; fileRef = 853B2474CD9C9F3C6049FC71 /* ItemCondition.swift */; };
		C767768844117DAB4FC5A49F /* ClothingType.swift in Sources */ = {isa = PBXBuildFile; fileRef = 54376C96DF48B4C77699E64E /* ClothingType.swift */; };
		D0855496247C058C1CB9426F /* AIService.swift in Sources */ = {isa = PBXBuildFile; fileRef = F11EF74B7140652EC31D35A2 /* AIService.swift */; };
		D600F88A1BC27E46C6865CA2 /* ContentView.swift in Sources */ = {isa = PBXBuildFile; fileRef = 5620A0C0E69FD9BAC3B47A66 /* ContentView.swift */; };
		EA157EF4A72EF0688FEB48C7 /* ItemStatus.swift in Sources */ = {isa = PBXBuildFile; fileRef = 4CC6BED46885600846C14A3E /* ItemStatus.swift */; };
		F15262E5694D77720201A1E8 /* RackApp.swift in Sources */ = {isa = PBXBuildFile; fileRef = 5E3DBC0BDED222B00336E554 /* RackApp.swift */; };
/* End PBXBuildFile section */

/* Begin PBXFileReference section */
		0811D0C1958049421ECE00E2 /* ClothingItem.swift */ = {isa = PBXFileReference; lastKnownFileType = sourcecode.swift; path = ClothingItem.swift; sourceTree = "<group>"; };
		088B4ED983F1AE33CFE6724B /* ItemDetailView.swift */ = {isa = PBXFileReference; lastKnownFileType = sourcecode.swift; path = ItemDetailView.swift; sourceTree = "<group>"; };
		1052654F17CBC3920616C39F /* Person.swift */ = {isa = PBXFileReference; lastKnownFileType = sourcecode.swift; path = Person.swift; sourceTree = "<group>"; };
		14E8DD0D251BA325B1D4A66B /* AgeGroup.swift */ = {isa = PBXFileReference; lastKnownFileType = sourcecode.swift; path = AgeGroup.swift; sourceTree = "<group>"; };
		237BF745D6B1D02435473532 /* Info.plist */ = {isa = PBXFileReference; lastKnownFileType = text.plist; path = Info.plist; sourceTree = "<group>"; };
		361C6570C604EE9DAC988147 /* Rack.entitlements */ = {isa = PBXFileReference; lastKnownFileType = text.plist.entitlements; path = Rack.entitlements; sourceTree = "<group>"; };
		387D71157869A90A6D91E10A /* InventoryListView.swift */ = {isa = PBXFileReference; lastKnownFileType = sourcecode.swift; path = InventoryListView.swift; sourceTree = "<group>"; };
		3F622A8A66123E156A9CDB6D /* SettingsView.swift */ = {isa = PBXFileReference; lastKnownFileType = sourcecode.swift; path = SettingsView.swift; sourceTree = "<group>"; };
		4ACDC6DF2614AA18E91E66F9 /* ClothingSize.swift */ = {isa = PBXFileReference; lastKnownFileType = sourcecode.swift; path = ClothingSize.swift; sourceTree = "<group>"; };
		4CC6BED46885600846C14A3E /* ItemStatus.swift */ = {isa = PBXFileReference; lastKnownFileType = sourcecode.swift; path = ItemStatus.swift; sourceTree = "<group>"; };
		54376C96DF48B4C77699E64E /* ClothingType.swift */ = {isa = PBXFileReference; lastKnownFileType = sourcecode.swift; path = ClothingType.swift; sourceTree = "<group>"; };
		5620A0C0E69FD9BAC3B47A66 /* ContentView.swift */ = {isa = PBXFileReference; lastKnownFileType = sourcecode.swift; path = ContentView.swift; sourceTree = "<group>"; };
		5E3DBC0BDED222B00336E554 /* RackApp.swift */ = {isa = PBXFileReference; lastKnownFileType = sourcecode.swift; path = RackApp.swift; sourceTree = "<group>"; };
		732D87BD77109D9264D3F4FE /* ItemPhoto.swift */ = {isa = PBXFileReference; lastKnownFileType = sourcecode.swift; path = ItemPhoto.swift; sourceTree = "<group>"; };
		7B52AC71A5A530A71C4602EA /* CSVImporter.swift */ = {isa = PBXFileReference; lastKnownFileType = sourcecode.swift; path = CSVImporter.swift; sourceTree = "<group>"; };
		853B2474CD9C9F3C6049FC71 /* ItemCondition.swift */ = {isa = PBXFileReference; lastKnownFileType = sourcecode.swift; path = ItemCondition.swift; sourceTree = "<group>"; };
		99215F2BAD54979EE5B5A26B /* Gender.swift */ = {isa = PBXFileReference; lastKnownFileType = sourcecode.swift; path = Gender.swift; sourceTree = "<group>"; };
		C436EEA636543E786E3CD37E /* LocationsView.swift */ = {isa = PBXFileReference; lastKnownFileType = sourcecode.swift; path = LocationsView.swift; sourceTree = "<group>"; };
		C70249447B216A2D42BF586A /* Rack.app */ = {isa = PBXFileReference; explicitFileType = wrapper.application; includeInIndex = 0; path = Rack.app; sourceTree = BUILT_PRODUCTS_DIR; };
		C715AB10D011C1EBA3FD1493 /* SplashScreenView.swift */ = {isa = PBXFileReference; lastKnownFileType = sourcecode.swift; path = SplashScreenView.swift; sourceTree = "<group>"; };
		D58A875DCB97051DD73ACACE /* PeopleView.swift */ = {isa = PBXFileReference; lastKnownFileType = sourcecode.swift; path = PeopleView.swift; sourceTree = "<group>"; };
		D5914D29AB7E4450CA87E1BD /* StorageLocation.swift */ = {isa = PBXFileReference; lastKnownFileType = sourcecode.swift; path = StorageLocation.swift; sourceTree = "<group>"; };
		F11EF74B7140652EC31D35A2 /* AIService.swift */ = {isa = PBXFileReference; lastKnownFileType = sourcecode.swift; path = AIService.swift; sourceTree = "<group>"; };
/* End PBXFileReference section */

/* Begin PBXGroup section */
		016FB7C7E17201CE754F04F9 /* People */ = {
			isa = PBXGroup;
			children = (
				D58A875DCB97051DD73ACACE /* PeopleView.swift */,
			);
			path = People;
			sourceTree = "<group>";
		};
		0E9C73CD6B1B20E7D1B06C2A /* Enums */ = {
			isa = PBXGroup;
			children = (
				14E8DD0D251BA325B1D4A66B /* AgeGroup.swift */,
				4ACDC6DF2614AA18E91E66F9 /* ClothingSize.swift */,
				54376C96DF48B4C77699E64E /* ClothingType.swift */,
				99215F2BAD54979EE5B5A26B /* Gender.swift */,
				853B2474CD9C9F3C6049FC71 /* ItemCondition.swift */,
				4CC6BED46885600846C14A3E /* ItemStatus.swift */,
			);
			path = Enums;
			sourceTree = "<group>";
		};
		1FB8704B1958963A032A1C98 /* App */ = {
			isa = PBXGroup;
			children = (
				5620A0C0E69FD9BAC3B47A66 /* ContentView.swift */,
				5E3DBC0BDED222B00336E554 /* RackApp.swift */,
			);
			path = App;
			sourceTree = "<group>";
		};
		2662ADB0533671349879F3DC = {
			isa = PBXGroup;
			children = (
				D2523481608C3CE550762514 /* Rack */,
				C2287B41B9EFE28B86BA21BE /* Products */,
			);
			sourceTree = "<group>";
		};
		3CE16E47F234CC3B4F5C18C5 /* Utilities */ = {
			isa = PBXGroup;
			children = (
				7B52AC71A5A530A71C4602EA /* CSVImporter.swift */,
			);
			path = Utilities;
			sourceTree = "<group>";
		};
		3FD5653ACC15A0013DD5171C /* Views */ = {
			isa = PBXGroup;
			children = (
				C715AB10D011C1EBA3FD1493 /* SplashScreenView.swift */,
				4E175C283935C7B464091B4C /* Inventory */,
				BF291C38B2A81C6CF4BE99EF /* Locations */,
				016FB7C7E17201CE754F04F9 /* People */,
				7E578636D22965282214EE2B /* Settings */,
			);
			path = Views;
			sourceTree = "<group>";
		};
		4E175C283935C7B464091B4C /* Inventory */ = {
			isa = PBXGroup;
			children = (
				387D71157869A90A6D91E10A /* InventoryListView.swift */,
				088B4ED983F1AE33CFE6724B /* ItemDetailView.swift */,
			);
			path = Inventory;
			sourceTree = "<group>";
		};
		76DE21800E66BFD3355048CE /* Services */ = {
			isa = PBXGroup;
			children = (
				F11EF74B7140652EC31D35A2 /* AIService.swift */,
			);
			path = Services;
			sourceTree = "<group>";
		};
		7E578636D22965282214EE2B /* Settings */ = {
			isa = PBXGroup;
			children = (
				3F622A8A66123E156A9CDB6D /* SettingsView.swift */,
			);
			path = Settings;
			sourceTree = "<group>";
		};
		B89D37D264B4724C1C02983F /* Models */ = {
			isa = PBXGroup;
			children = (
				0811D0C1958049421ECE00E2 /* ClothingItem.swift */,
				732D87BD77109D9264D3F4FE /* ItemPhoto.swift */,
				1052654F17CBC3920616C39F /* Person.swift */,
				D5914D29AB7E4450CA87E1BD /* StorageLocation.swift */,
			);
			path = Models;
			sourceTree = "<group>";
		};
		BF291C38B2A81C6CF4BE99EF /* Locations */ = {
			isa = PBXGroup;
			children = (
				C436EEA636543E786E3CD37E /* LocationsView.swift */,
			);
			path = Locations;
			sourceTree = "<group>";
		};
		C2287B41B9EFE28B86BA21BE /* Products */ = {
			isa = PBXGroup;
			children = (
				C70249447B216A2D42BF586A /* Rack.app */,
			);
			name = Products;
			sourceTree = "<group>";
		};
		D2523481608C3CE550762514 /* Rack */ = {
			isa = PBXGroup;
			children = (
				237BF745D6B1D02435473532 /* Info.plist */,
				361C6570C604EE9DAC988147 /* Rack.entitlements */,
				1FB8704B1958963A032A1C98 /* App */,
				0E9C73CD6B1B20E7D1B06C2A /* Enums */,
				B89D37D264B4724C1C02983F /* Models */,
				76DE21800E66BFD3355048CE /* Services */,
				3CE16E47F234CC3B4F5C18C5 /* Utilities */,
				3FD5653ACC15A0013DD5171C /* Views */,
			);
			path = Rack;
			sourceTree = "<group>";
		};
/* End PBXGroup section */

/* Begin PBXNativeTarget section */
		29EE4C89C5E787588C196F9E /* Rack */ = {
			isa = PBXNativeTarget;
			buildConfigurationList = 7631F3FC39BEA2C43CDA4B97 /* Build configuration list for PBXNativeTarget "Rack" */;
			buildPhases = (
				9C9EF70513A0993579C7B47C /* Sources */,
			);
			buildRules = (
			);
			dependencies = (
			);
			name = Rack;
			packageProductDependencies = (
			);
			productName = Rack;
			productReference = C70249447B216A2D42BF586A /* Rack.app */;
			productType = "com.apple.product-type.application";
		};
/* End PBXNativeTarget section */

/* Begin PBXProject section */
		A4C779EBF4C1E40E0CAD3213 /* Project object */ = {
			isa = PBXProject;
			attributes = {
				BuildIndependentTargetsInParallel = YES;
				LastUpgradeCheck = 1500;
				TargetAttributes = {
					29EE4C89C5E787588C196F9E = {
						ProvisioningStyle = Automatic;
					};
				};
			};
			buildConfigurationList = 1438001BE266ABAC78B7B04E /* Build configuration list for PBXProject "Rack" */;
			developmentRegion = en;
			hasScannedForEncodings = 0;
			knownRegions = (
				Base,
				en,
			);
			mainGroup = 2662ADB0533671349879F3DC;
			minimizedProjectReferenceProxies = 1;
			preferredProjectObjectVersion = 77;
			productRefGroup = C2287B41B9EFE28B86BA21BE /* Products */;
			projectDirPath = "";
			projectRoot = "";
			targets = (
				29EE4C89C5E787588C196F9E /* Rack */,
			);
		};
/* End PBXProject section */

/* Begin PBXSourcesBuildPhase section */
		9C9EF70513A0993579C7B47C /* Sources */ = {
			isa = PBXSourcesBuildPhase;
			buildActionMask = 2147483647;
			files = (
				D0855496247C058C1CB9426F /* AIService.swift in Sources */,
				795353382920082588F645A5 /* AgeGroup.swift in Sources */,
				0D64828AD5A1AE3F014BAC09 /* CSVImporter.swift in Sources */,
				0E8D315BA35CBC11F3E5DA93 /* ClothingItem.swift in Sources */,
				4936AC82E97CA831FAD0F851 /* ClothingSize.swift in Sources */,
				C767768844117DAB4FC5A49F /* ClothingType.swift in Sources */,
				D600F88A1BC27E46C6865CA2 /* ContentView.swift in Sources */,
				797944D067615ECC16A47BD1 /* Gender.swift in Sources */,
				0459AC9E5DF45AC624FB5690 /* InventoryListView.swift in Sources */,
				AD6944DF18C93A4D0613DC9F /* ItemCondition.swift in Sources */,
				9F8A938BE6C074773FF01617 /* ItemDetailView.swift in Sources */,
				53B46365F7C746A2AC741825 /* ItemPhoto.swift in Sources */,
				EA157EF4A72EF0688FEB48C7 /* ItemStatus.swift in Sources */,
				8B922D5E97F8C7AFC48C121F /* LocationsView.swift in Sources */,
				83250B6E3C8D7C242FBC4501 /* PeopleView.swift in Sources */,
				AA198FE041E33BBA70EA60C7 /* Person.swift in Sources */,
				F15262E5694D77720201A1E8 /* RackApp.swift in Sources */,
				362B614ED6F6A121D37EE0B8 /* SettingsView.swift in Sources */,
				67035BA6974EEAD7FC8FEED3 /* SplashScreenView.swift in Sources */,
				30ED1E83CB8FFD15D643ECC5 /* StorageLocation.swift in Sources */,
			);
			runOnlyForDeploymentPostprocessing = 0;
		};
/* End PBXSourcesBuildPhase section */

/* Begin XCBuildConfiguration section */
		52FCE2A1C59E3CCECA4203F0 /* Release */ = {
			isa = XCBuildConfiguration;
			buildSettings = {
				ASSETCATALOG_COMPILER_APPICON_NAME = AppIcon;
				CODE_SIGN_ENTITLEMENTS = Rack/Rack.entitlements;
				CODE_SIGN_IDENTITY = "iPhone Developer";
				CODE_SIGN_STYLE = Automatic;
				DEBUG_INFORMATION_FORMAT = "dwarf-with-dsym";
				DEVELOPMENT_TEAM = J7MM7A8SK8;
				INFOPLIST_FILE = Rack/Info.plist;
				IPHONEOS_DEPLOYMENT_TARGET = 17.0;
				LD_RUNPATH_SEARCH_PATHS = (
					"$(inherited)",
					"@executable_path/Frameworks",
				);
				PRODUCT_BUNDLE_IDENTIFIER = com.stevedaurora.rack;
				SDKROOT = iphoneos;
				SUPPORTS_MACCATALYST = YES;
				SWIFT_OPTIMIZATION_LEVEL = "-O";
				SWIFT_VERSION = 5.9;
				TARGETED_DEVICE_FAMILY = "1,2";
			};
			name = Release;
		};
		D101A2040C25C6D89DD2CE4D /* Release */ = {
			isa = XCBuildConfiguration;
			buildSettings = {
				ALWAYS_SEARCH_USER_PATHS = NO;
				CLANG_ANALYZER_NONNULL = YES;
				CLANG_ANALYZER_NUMBER_OBJECT_CONVERSION = YES_AGGRESSIVE;
				CLANG_CXX_LANGUAGE_STANDARD = "gnu++14";
				CLANG_CXX_LIBRARY = "libc++";
				CLANG_ENABLE_MODULES = YES;
				CLANG_ENABLE_OBJC_ARC = YES;
				CLANG_ENABLE_OBJC_WEAK = YES;
				CLANG_WARN_BLOCK_CAPTURE_AUTORELEASING = YES;
				CLANG_WARN_BOOL_CONVERSION = YES;
				CLANG_WARN_COMMA = YES;
				CLANG_WARN_CONSTANT_CONVERSION = YES;
				CLANG_WARN_DEPRECATED_OBJC_IMPLEMENTATIONS = YES;
				CLANG_WARN_DIRECT_OBJC_ISA_USAGE = YES_ERROR;
				CLANG_WARN_DOCUMENTATION_COMMENTS = YES;
				CLANG_WARN_EMPTY_BODY = YES;
				CLANG_WARN_ENUM_CONVERSION = YES;
				CLANG_WARN_INFINITE_RECURSION = YES;
				CLANG_WARN_INT_CONVERSION = YES;
				CLANG_WARN_NON_LITERAL_NULL_CONVERSION = YES;
				CLANG_WARN_OBJC_IMPLICIT_RETAIN_SELF = YES;
				CLANG_WARN_OBJC_LITERAL_CONVERSION = YES;
				CLANG_WARN_OBJC_ROOT_CLASS = YES_ERROR;
				CLANG_WARN_QUOTED_INCLUDE_IN_FRAMEWORK_HEADER = YES;
				CLANG_WARN_RANGE_LOOP_ANALYSIS = YES;
				CLANG_WARN_STRICT_PROTOTYPES = YES;
				CLANG_WARN_SUSPICIOUS_MOVE = YES;
				CLANG_WARN_UNGUARDED_AVAILABILITY = YES_AGGRESSIVE;
				CLANG_WARN_UNREACHABLE_CODE = YES;
				CLANG_WARN__DUPLICATE_METHOD_MATCH = YES;
				COPY_PHASE_STRIP = NO;
				DEBUG_INFORMATION_FORMAT = "dwarf-with-dsym";
				ENABLE_NS_ASSERTIONS = NO;
				ENABLE_STRICT_OBJC_MSGSEND = YES;
				GCC_C_LANGUAGE_STANDARD = gnu11;
				GCC_NO_COMMON_BLOCKS = YES;
				GCC_WARN_64_TO_32_BIT_CONVERSION = YES;
				GCC_WARN_ABOUT_RETURN_TYPE = YES_ERROR;
				GCC_WARN_UNDECLARED_SELECTOR = YES;
				GCC_WARN_UNINITIALIZED_AUTOS = YES_AGGRESSIVE;
				GCC_WARN_UNUSED_FUNCTION = YES;
				GCC_WARN_UNUSED_VARIABLE = YES;
				IPHONEOS_DEPLOYMENT_TARGET = 17.0;
				MTL_ENABLE_DEBUG_INFO = NO;
				MTL_FAST_MATH = YES;
				PRODUCT_NAME = "$(TARGET_NAME)";
				SDKROOT = iphoneos;
				SWIFT_COMPILATION_MODE = wholemodule;
				SWIFT_OPTIMIZATION_LEVEL = "-O";
				SWIFT_VERSION = 5.0;
			};
			name = Release;
		};
		EE2D64744A08D5BDC97D01CC /* Debug */ = {
			isa = XCBuildConfiguration;
			buildSettings = {
				ALWAYS_SEARCH_USER_PATHS = NO;
				CLANG_ANALYZER_NONNULL = YES;
				CLANG_ANALYZER_NUMBER_OBJECT_CONVERSION = YES_AGGRESSIVE;
				CLANG_CXX_LANGUAGE_STANDARD = "gnu++14";
				CLANG_CXX_LIBRARY = "libc++";
				CLANG_ENABLE_MODULES = YES;
				CLANG_ENABLE_OBJC_ARC = YES;
				CLANG_ENABLE_OBJC_WEAK = YES;
				CLANG_WARN_BLOCK_CAPTURE_AUTORELEASING = YES;
				CLANG_WARN_BOOL_CONVERSION = YES;
				CLANG_WARN_COMMA = YES;
				CLANG_WARN_CONSTANT_CONVERSION = YES;
				CLANG_WARN_DEPRECATED_OBJC_IMPLEMENTATIONS = YES;
				CLANG_WARN_DIRECT_OBJC_ISA_USAGE = YES_ERROR;
				CLANG_WARN_DOCUMENTATION_COMMENTS = YES;
				CLANG_WARN_EMPTY_BODY = YES;
				CLANG_WARN_ENUM_CONVERSION = YES;
				CLANG_WARN_INFINITE_RECURSION = YES;
				CLANG_WARN_INT_CONVERSION = YES;
				CLANG_WARN_NON_LITERAL_NULL_CONVERSION = YES;
				CLANG_WARN_OBJC_IMPLICIT_RETAIN_SELF = YES;
				CLANG_WARN_OBJC_LITERAL_CONVERSION = YES;
				CLANG_WARN_OBJC_ROOT_CLASS = YES_ERROR;
				CLANG_WARN_QUOTED_INCLUDE_IN_FRAMEWORK_HEADER = YES;
				CLANG_WARN_RANGE_LOOP_ANALYSIS = YES;
				CLANG_WARN_STRICT_PROTOTYPES = YES;
				CLANG_WARN_SUSPICIOUS_MOVE = YES;
				CLANG_WARN_UNGUARDED_AVAILABILITY = YES_AGGRESSIVE;
				CLANG_WARN_UNREACHABLE_CODE = YES;
				CLANG_WARN__DUPLICATE_METHOD_MATCH = YES;
				COPY_PHASE_STRIP = NO;
				DEBUG_INFORMATION_FORMAT = dwarf;
				ENABLE_STRICT_OBJC_MSGSEND = YES;
				ENABLE_TESTABILITY = YES;
				GCC_C_LANGUAGE_STANDARD = gnu11;
				GCC_DYNAMIC_NO_PIC = NO;
				GCC_NO_COMMON_BLOCKS = YES;
				GCC_OPTIMIZATION_LEVEL = 0;
				GCC_PREPROCESSOR_DEFINITIONS = (
					"$(inherited)",
					"DEBUG=1",
				);
				GCC_WARN_64_TO_32_BIT_CONVERSION = YES;
				GCC_WARN_ABOUT_RETURN_TYPE = YES_ERROR;
				GCC_WARN_UNDECLARED_SELECTOR = YES;
				GCC_WARN_UNINITIALIZED_AUTOS = YES_AGGRESSIVE;
				GCC_WARN_UNUSED_FUNCTION = YES;
				GCC_WARN_UNUSED_VARIABLE = YES;
				IPHONEOS_DEPLOYMENT_TARGET = 17.0;
				MTL_ENABLE_DEBUG_INFO = INCLUDE_SOURCE;
				MTL_FAST_MATH = YES;
				ONLY_ACTIVE_ARCH = YES;
				PRODUCT_NAME = "$(TARGET_NAME)";
				SDKROOT = iphoneos;
				SWIFT_ACTIVE_COMPILATION_CONDITIONS = DEBUG;
				SWIFT_OPTIMIZATION_LEVEL = "-Onone";
				SWIFT_VERSION = 5.0;
			};
			name = Debug;
		};
		FB51E185D7BFB0D97557E831 /* Debug */ = {
			isa = XCBuildConfiguration;
			buildSettings = {
				ASSETCATALOG_COMPILER_APPICON_NAME = AppIcon;
				CODE_SIGN_ENTITLEMENTS = Rack/Rack.entitlements;
				CODE_SIGN_IDENTITY = "iPhone Developer";
				CODE_SIGN_STYLE = Automatic;
				DEBUG_INFORMATION_FORMAT = dwarf;
				DEVELOPMENT_TEAM = J7MM7A8SK8;
				INFOPLIST_FILE = Rack/Info.plist;
				IPHONEOS_DEPLOYMENT_TARGET = 17.0;
				LD_RUNPATH_SEARCH_PATHS = (
					"$(inherited)",
					"@executable_path/Frameworks",
				);
				PRODUCT_BUNDLE_IDENTIFIER = com.stevedaurora.rack;
				SDKROOT = iphoneos;
				SUPPORTS_MACCATALYST = YES;
				SWIFT_VERSION = 5.9;
				TARGETED_DEVICE_FAMILY = "1,2";
			};
			name = Debug;
		};
/* End XCBuildConfiguration section */

/* Begin XCConfigurationList section */
		1438001BE266ABAC78B7B04E /* Build configuration list for PBXProject "Rack" */ = {
			isa = XCConfigurationList;
			buildConfigurations = (
				EE2D64744A08D5BDC97D01CC /* Debug */,
				D101A2040C25C6D89DD2CE4D /* Release */,
			);
			defaultConfigurationIsVisible = 0;
			defaultConfigurationName = Debug;
		};
		7631F3FC39BEA2C43CDA4B97 /* Build configuration list for PBXNativeTarget "Rack" */ = {
			isa = XCConfigurationList;
			buildConfigurations = (
				FB51E185D7BFB0D97557E831 /* Debug */,
				52FCE2A1C59E3CCECA4203F0 /* Release */,
			);
			defaultConfigurationIsVisible = 0;
			defaultConfigurationName = Debug;
		};
/* End XCConfigurationList section */
	};
	rootObject = A4C779EBF4C1E40E0CAD3213 /* Project object */;
}
